
Microsoft Visual Studio Solution File, Format Version 12.00
# Visual Studio Version 18
VisualStudioVersion = 18.1.11312.151 d18.0
MinimumVisualStudioVersion = 10.0.40219.1
Project("{FAE04EC0-301F-11D3-BF4B-00C04F79EFBC}") = "IskoAlert_WebApp", "IskoAlert_WebApp\IskoAlert_WebApp.csproj", "{DEFE3C82-10DA-4C0A-A6E9-0D70CF4922AB}"
EndProject
Global
	GlobalSection(SolutionConfigurationPlatforms) = preSolution
		Debug|Any CPU = Debug|Any CPU
		Release|Any CPU = Release|Any CPU
	EndGlobalSection
	GlobalSection(ProjectConfigurationPlatforms) = postSolution
		{DEFE3C82-10DA-4C0A-A6E9-0D70CF4922AB}.Debug|Any CPU.ActiveCfg = Debug|Any CPU
		{DEFE3C82-10DA-4C0A-A6E9-0D70CF4922AB}.Debug|Any CPU.Build.0 = Debug|Any CPU
		{DEFE3C82-10DA-4C0A-A6E9-0D70CF4922AB}.Release|Any CPU.ActiveCfg = Release|Any CPU
		{DEFE3C82-10DA-4C0A-A6E9-0D70CF4922AB}.Release|Any CPU.Build.0 = Release|Any CPU
	EndGlobalSection
	GlobalSection(SolutionProperties) = preSolution
		HideSolutionNode = FALSE
	EndGlobalSection
	GlobalSection(ExtensibilityGlobals) = postSolution
		SolutionGuid = {4B2BDD36-AB79-40BA-9BB5-19CA8EACE92A}
	EndGlobalSection
EndGlobal
